{
  "name": "kb-echo",
  "version": "1.0.0",
  "lockfileVersion": 1,
  "requires": true,
  "dependencies": {
    "input-event": {
      "version": "1.2.5",
      "resolved": "https://registry.npmjs.org/input-event/-/input-event-1.2.5.tgz",
      "integrity": "sha512-GiEZRqZf+mcwK++Bs1GlEhYnKqyIcAduBRSp+1umIvJMBhOFXp9pVad7VsuYzp/XSgG3+OeMqo7d+TQNCfslMA=="
    }
  }
}
